// !$*UTF8*$!
{
	archiveVersion = 1;
	classes = {
	};
	objectVersion = 46;
	objects = {

/* Begin PBXBuildFile section */
		4184A2D9C563BD9791B000A9 /* Pods_IntegrationLayer.framework in Frameworks */ = {isa = PBXBuildFile; fileRef = FAEDBB8B4C650D0B65A8E82B /* Pods_IntegrationLayer.framework */; };
		6B167D9CC93A2A1331DAEBD7 /* Pods_DataLayer.framework in Frameworks */ = {isa = PBXBuildFile; fileRef = 490C7F74893C7E22C9CA2BF4 /* Pods_DataLayer.framework */; };
		9F99D5221D65A3600072EDBE /* AppDelegate.swift in Sources */ = {isa = PBXBuildFile; fileRef = 9F99D5211D65A3600072EDBE /* AppDelegate.swift */; };
		9F99D5271D65A3600072EDBE /* Main.storyboard in Resources */ = {isa = PBXBuildFile; fileRef = 9F99D5251D65A3600072EDBE /* Main.storyboard */; };
		9F99D5291D65A3600072EDBE /* Assets.xcassets in Resources */ = {isa = PBXBuildFile; fileRef = 9F99D5281D65A3600072EDBE /* Assets.xcassets */; };
		9F99D52C1D65A3600072EDBE /* LaunchScreen.storyboard in Resources */ = {isa = PBXBuildFile; fileRef = 9F99D52A1D65A3600072EDBE /* LaunchScreen.storyboard */; };
		9F99D53B1D65A3A80072EDBE /* ModelLayer.h in Headers */ = {isa = PBXBuildFile; fileRef = 9F99D53A1D65A3A80072EDBE /* ModelLayer.h */; settings = {ATTRIBUTES = (Public, ); }; };
		9F99D53F1D65A3A80072EDBE /* ModelLayer.framework in Frameworks */ = {isa = PBXBuildFile; fileRef = 9F99D5381D65A3A80072EDBE /* ModelLayer.framework */; };
		9F99D5401D65A3A80072EDBE /* ModelLayer.framework in Embed Frameworks */ = {isa = PBXBuildFile; fileRef = 9F99D5381D65A3A80072EDBE /* ModelLayer.framework */; settings = {ATTRIBUTES = (CodeSignOnCopy, RemoveHeadersOnCopy, ); }; };
		9F99D54D1D65A3B50072EDBE /* DataLayer.h in Headers */ = {isa = PBXBuildFile; fileRef = 9F99D54C1D65A3B50072EDBE /* DataLayer.h */; settings = {ATTRIBUTES = (Public, ); }; };
		9F99D5511D65A3B50072EDBE /* DataLayer.framework in Frameworks */ = {isa = PBXBuildFile; fileRef = 9F99D54A1D65A3B50072EDBE /* DataLayer.framework */; };
		9F99D5521D65A3B50072EDBE /* DataLayer.framework in Embed Frameworks */ = {isa = PBXBuildFile; fileRef = 9F99D54A1D65A3B50072EDBE /* DataLayer.framework */; settings = {ATTRIBUTES = (CodeSignOnCopy, RemoveHeadersOnCopy, ); }; };
		9F99D55E1D65A3C00072EDBE /* IntegrationLayer.h in Headers */ = {isa = PBXBuildFile; fileRef = 9F99D55D1D65A3C00072EDBE /* IntegrationLayer.h */; settings = {ATTRIBUTES = (Public, ); }; };
		9F99D5621D65A3C00072EDBE /* IntegrationLayer.framework in Frameworks */ = {isa = PBXBuildFile; fileRef = 9F99D55B1D65A3C00072EDBE /* IntegrationLayer.framework */; };
		9F99D5631D65A3C00072EDBE /* IntegrationLayer.framework in Embed Frameworks */ = {isa = PBXBuildFile; fileRef = 9F99D55B1D65A3C00072EDBE /* IntegrationLayer.framework */; settings = {ATTRIBUTES = (CodeSignOnCopy, RemoveHeadersOnCopy, ); }; };
		9F99D5701D65A5610072EDBE /* UsersViewController.swift in Sources */ = {isa = PBXBuildFile; fileRef = 9F99D56F1D65A5610072EDBE /* UsersViewController.swift */; };
		9F99D5731D65A57B0072EDBE /* Extensions.swift in Sources */ = {isa = PBXBuildFile; fileRef = 9F99D5721D65A57B0072EDBE /* Extensions.swift */; };
		9F99D5751D65A5FF0072EDBE /* User.swift in Sources */ = {isa = PBXBuildFile; fileRef = 9F99D5741D65A5FF0072EDBE /* User.swift */; };
		9F99D5771D65A6340072EDBE /* UserData.swift in Sources */ = {isa = PBXBuildFile; fileRef = 9F99D5761D65A6340072EDBE /* UserData.swift */; };
		9F99D5791D65A6780072EDBE /* UserIntegration.swift in Sources */ = {isa = PBXBuildFile; fileRef = 9F99D5781D65A6780072EDBE /* UserIntegration.swift */; };
		9F99D57B1D65A6DF0072EDBE /* UsersProvider.swift in Sources */ = {isa = PBXBuildFile; fileRef = 9F99D57A1D65A6DF0072EDBE /* UsersProvider.swift */; };
		9F99D57D1D65A72B0072EDBE /* UsersAdapter.swift in Sources */ = {isa = PBXBuildFile; fileRef = 9F99D57C1D65A72B0072EDBE /* UsersAdapter.swift */; };
		A21EAD1AAF45F95012D61D02 /* Pods_IDMDataFlow.framework in Frameworks */ = {isa = PBXBuildFile; fileRef = 27710189D98BA1B36D82EE55 /* Pods_IDMDataFlow.framework */; };
		AA007BB348C9DEA596A3C25C /* Pods_ModelLayer.framework in Frameworks */ = {isa = PBXBuildFile; fileRef = 940DF8AA4D1CE4DFE43FFEEB /* Pods_ModelLayer.framework */; };
/* End PBXBuildFile section */

/* Begin PBXContainerItemProxy section */
		9F99D53D1D65A3A80072EDBE /* PBXContainerItemProxy */ = {
			isa = PBXContainerItemProxy;
			containerPortal = 9F99D5161D65A3600072EDBE /* Project object */;
			proxyType = 1;
			remoteGlobalIDString = 9F99D5371D65A3A80072EDBE;
			remoteInfo = ModelLayer;
		};
		9F99D54F1D65A3B50072EDBE /* PBXContainerItemProxy */ = {
			isa = PBXContainerItemProxy;
			containerPortal = 9F99D5161D65A3600072EDBE /* Project object */;
			proxyType = 1;
			remoteGlobalIDString = 9F99D5491D65A3B50072EDBE;
			remoteInfo = DataLayer;
		};
		9F99D5601D65A3C00072EDBE /* PBXContainerItemProxy */ = {
			isa = PBXContainerItemProxy;
			containerPortal = 9F99D5161D65A3600072EDBE /* Project object */;
			proxyType = 1;
			remoteGlobalIDString = 9F99D55A1D65A3C00072EDBE;
			remoteInfo = IntegrationLayer;
		};
		9F99D5671D65A3CD0072EDBE /* PBXContainerItemProxy */ = {
			isa = PBXContainerItemProxy;
			containerPortal = 9F99D5161D65A3600072EDBE /* Project object */;
			proxyType = 1;
			remoteGlobalIDString = 9F99D5371D65A3A80072EDBE;
			remoteInfo = ModelLayer;
		};
		9F99D5691D65A3CD0072EDBE /* PBXContainerItemProxy */ = {
			isa = PBXContainerItemProxy;
			containerPortal = 9F99D5161D65A3600072EDBE /* Project object */;
			proxyType = 1;
			remoteGlobalIDString = 9F99D5491D65A3B50072EDBE;
			remoteInfo = DataLayer;
		};
/* End PBXContainerItemProxy section */

/* Begin PBXCopyFilesBuildPhase section */
		9F99D5441D65A3A80072EDBE /* Embed Frameworks */ = {
			isa = PBXCopyFilesBuildPhase;
			buildActionMask = 2147483647;
			dstPath = "";
			dstSubfolderSpec = 10;
			files = (
				9F99D5521D65A3B50072EDBE /* DataLayer.framework in Embed Frameworks */,
				9F99D5631D65A3C00072EDBE /* IntegrationLayer.framework in Embed Frameworks */,
				9F99D5401D65A3A80072EDBE /* ModelLayer.framework in Embed Frameworks */,
			);
			name = "Embed Frameworks";
			runOnlyForDeploymentPostprocessing = 0;
		};
/* End PBXCopyFilesBuildPhase section */

/* Begin PBXFileReference section */
		0BBAE0939473EA048FFD6695 /* Pods-ModelLayer.release.xcconfig */ = {isa = PBXFileReference; includeInIndex = 1; lastKnownFileType = text.xcconfig; name = "Pods-ModelLayer.release.xcconfig"; path = "Pods/Target Support Files/Pods-ModelLayer/Pods-ModelLayer.release.xcconfig"; sourceTree = "<group>"; };
		27710189D98BA1B36D82EE55 /* Pods_IDMDataFlow.framework */ = {isa = PBXFileReference; explicitFileType = wrapper.framework; includeInIndex = 0; path = Pods_IDMDataFlow.framework; sourceTree = BUILT_PRODUCTS_DIR; };
		34E9DCEFD2C9CC2EE5975043 /* Pods-ModelLayer.debug.xcconfig */ = {isa = PBXFileReference; includeInIndex = 1; lastKnownFileType = text.xcconfig; name = "Pods-ModelLayer.debug.xcconfig"; path = "Pods/Target Support Files/Pods-ModelLayer/Pods-ModelLayer.debug.xcconfig"; sourceTree = "<group>"; };
		490C7F74893C7E22C9CA2BF4 /* Pods_DataLayer.framework */ = {isa = PBXFileReference; explicitFileType = wrapper.framework; includeInIndex = 0; path = Pods_DataLayer.framework; sourceTree = BUILT_PRODUCTS_DIR; };
		78E33A034465DE4F2C80C951 /* Pods-IDMDataFlow.debug.xcconfig */ = {isa = PBXFileReference; includeInIndex = 1; lastKnownFileType = text.xcconfig; name = "Pods-IDMDataFlow.debug.xcconfig"; path = "Pods/Target Support Files/Pods-IDMDataFlow/Pods-IDMDataFlow.debug.xcconfig"; sourceTree = "<group>"; };
		940DF8AA4D1CE4DFE43FFEEB /* Pods_ModelLayer.framework */ = {isa = PBXFileReference; explicitFileType = wrapper.framework; includeInIndex = 0; path = Pods_ModelLayer.framework; sourceTree = BUILT_PRODUCTS_DIR; };
		9F99D51E1D65A3600072EDBE /* IDMDataFlow.app */ = {isa = PBXFileReference; explicitFileType = wrapper.application; includeInIndex = 0; path = IDMDataFlow.app; sourceTree = BUILT_PRODUCTS_DIR; };
		9F99D5211D65A3600072EDBE /* AppDelegate.swift */ = {isa = PBXFileReference; lastKnownFileType = sourcecode.swift; path = AppDelegate.swift; sourceTree = "<group>"; };
		9F99D5261D65A3600072EDBE /* Base */ = {isa = PBXFileReference; lastKnownFileType = file.storyboard; name = Base; path = Base.lproj/Main.storyboard; sourceTree = "<group>"; };
		9F99D5281D65A3600072EDBE /* Assets.xcassets */ = {isa = PBXFileReference; lastKnownFileType = folder.assetcatalog; path = Assets.xcassets; sourceTree = "<group>"; };
		9F99D52B1D65A3600072EDBE /* Base */ = {isa = PBXFileReference; lastKnownFileType = file.storyboard; name = Base; path = Base.lproj/LaunchScreen.storyboard; sourceTree = "<group>"; };
		9F99D52D1D65A3600072EDBE /* Info.plist */ = {isa = PBXFileReference; lastKnownFileType = text.plist.xml; path = Info.plist; sourceTree = "<group>"; };
		9F99D5381D65A3A80072EDBE /* ModelLayer.framework */ = {isa = PBXFileReference; explicitFileType = wrapper.framework; includeInIndex = 0; path = ModelLayer.framework; sourceTree = BUILT_PRODUCTS_DIR; };
		9F99D53A1D65A3A80072EDBE /* ModelLayer.h */ = {isa = PBXFileReference; lastKnownFileType = sourcecode.c.h; path = ModelLayer.h; sourceTree = "<group>"; };
		9F99D53C1D65A3A80072EDBE /* Info.plist */ = {isa = PBXFileReference; lastKnownFileType = text.plist.xml; path = Info.plist; sourceTree = "<group>"; };
		9F99D54A1D65A3B50072EDBE /* DataLayer.framework */ = {isa = PBXFileReference; explicitFileType = wrapper.framework; includeInIndex = 0; path = DataLayer.framework; sourceTree = BUILT_PRODUCTS_DIR; };
		9F99D54C1D65A3B50072EDBE /* DataLayer.h */ = {isa = PBXFileReference; lastKnownFileType = sourcecode.c.h; path = DataLayer.h; sourceTree = "<group>"; };
		9F99D54E1D65A3B50072EDBE /* Info.plist */ = {isa = PBXFileReference; lastKnownFileType = text.plist.xml; path = Info.plist; sourceTree = "<group>"; };
		9F99D55B1D65A3C00072EDBE /* IntegrationLayer.framework */ = {isa = PBXFileReference; explicitFileType = wrapper.framework; includeInIndex = 0; path = IntegrationLayer.framework; sourceTree = BUILT_PRODUCTS_DIR; };
		9F99D55D1D65A3C00072EDBE /* IntegrationLayer.h */ = {isa = PBXFileReference; lastKnownFileType = sourcecode.c.h; path = IntegrationLayer.h; sourceTree = "<group>"; };
		9F99D55F1D65A3C00072EDBE /* Info.plist */ = {isa = PBXFileReference; lastKnownFileType = text.plist.xml; path = Info.plist; sourceTree = "<group>"; };
		9F99D56F1D65A5610072EDBE /* UsersViewController.swift */ = {isa = PBXFileReference; fileEncoding = 4; lastKnownFileType = sourcecode.swift; path = UsersViewController.swift; sourceTree = "<group>"; };
		9F99D5721D65A57B0072EDBE /* Extensions.swift */ = {isa = PBXFileReference; fileEncoding = 4; lastKnownFileType = sourcecode.swift; path = Extensions.swift; sourceTree = "<group>"; };
		9F99D5741D65A5FF0072EDBE /* User.swift */ = {isa = PBXFileReference; fileEncoding = 4; lastKnownFileType = sourcecode.swift; path = User.swift; sourceTree = "<group>"; };
		9F99D5761D65A6340072EDBE /* UserData.swift */ = {isa = PBXFileReference; fileEncoding = 4; lastKnownFileType = sourcecode.swift; path = UserData.swift; sourceTree = "<group>"; };
		9F99D5781D65A6780072EDBE /* UserIntegration.swift */ = {isa = PBXFileReference; fileEncoding = 4; lastKnownFileType = sourcecode.swift; path = UserIntegration.swift; sourceTree = "<group>"; };
		9F99D57A1D65A6DF0072EDBE /* UsersProvider.swift */ = {isa = PBXFileReference; fileEncoding = 4; lastKnownFileType = sourcecode.swift; path = UsersProvider.swift; sourceTree = "<group>"; };
		9F99D57C1D65A72B0072EDBE /* UsersAdapter.swift */ = {isa = PBXFileReference; fileEncoding = 4; lastKnownFileType = sourcecode.swift; path = UsersAdapter.swift; sourceTree = "<group>"; };
		A3AC0B89EB26201677617F02 /* Pods-IntegrationLayer.release.xcconfig */ = {isa = PBXFileReference; includeInIndex = 1; lastKnownFileType = text.xcconfig; name = "Pods-IntegrationLayer.release.xcconfig"; path = "Pods/Target Support Files/Pods-IntegrationLayer/Pods-IntegrationLayer.release.xcconfig"; sourceTree = "<group>"; };
		BDD2F0754077C3EE2825AF06 /* Pods-DataLayer.release.xcconfig */ = {isa = PBXFileReference; includeInIndex = 1; lastKnownFileType = text.xcconfig; name = "Pods-DataLayer.release.xcconfig"; path = "Pods/Target Support Files/Pods-DataLayer/Pods-DataLayer.release.xcconfig"; sourceTree = "<group>"; };
		C3E9416EE468EB1068056ED6 /* Pods-IDMDataFlow.release.xcconfig */ = {isa = PBXFileReference; includeInIndex = 1; lastKnownFileType = text.xcconfig; name = "Pods-IDMDataFlow.release.xcconfig"; path = "Pods/Target Support Files/Pods-IDMDataFlow/Pods-IDMDataFlow.release.xcconfig"; sourceTree = "<group>"; };
		D23504879D637BDC5714A9DF /* Pods-DataLayer.debug.xcconfig */ = {isa = PBXFileReference; includeInIndex = 1; lastKnownFileType = text.xcconfig; name = "Pods-DataLayer.debug.xcconfig"; path = "Pods/Target Support Files/Pods-DataLayer/Pods-DataLayer.debug.xcconfig"; sourceTree = "<group>"; };
		FAEDBB8B4C650D0B65A8E82B /* Pods_IntegrationLayer.framework */ = {isa = PBXFileReference; explicitFileType = wrapper.framework; includeInIndex = 0; path = Pods_IntegrationLayer.framework; sourceTree = BUILT_PRODUCTS_DIR; };
		FC3CE25EBCF273AD727202D8 /* Pods-IntegrationLayer.debug.xcconfig */ = {isa = PBXFileReference; includeInIndex = 1; lastKnownFileType = text.xcconfig; name = "Pods-IntegrationLayer.debug.xcconfig"; path = "Pods/Target Support Files/Pods-IntegrationLayer/Pods-IntegrationLayer.debug.xcconfig"; sourceTree = "<group>"; };
/* End PBXFileReference section */

/* Begin PBXFrameworksBuildPhase section */
		9F99D51B1D65A3600072EDBE /* Frameworks */ = {
			isa = PBXFrameworksBuildPhase;
			buildActionMask = 2147483647;
			files = (
				9F99D5511D65A3B50072EDBE /* DataLayer.framework in Frameworks */,
				9F99D5621D65A3C00072EDBE /* IntegrationLayer.framework in Frameworks */,
				9F99D53F1D65A3A80072EDBE /* ModelLayer.framework in Frameworks */,
				A21EAD1AAF45F95012D61D02 /* Pods_IDMDataFlow.framework in Frameworks */,
			);
			runOnlyForDeploymentPostprocessing = 0;
		};
		9F99D5341D65A3A80072EDBE /* Frameworks */ = {
			isa = PBXFrameworksBuildPhase;
			buildActionMask = 2147483647;
			files = (
				AA007BB348C9DEA596A3C25C /* Pods_ModelLayer.framework in Frameworks */,
			);
			runOnlyForDeploymentPostprocessing = 0;
		};
		9F99D5461D65A3B50072EDBE /* Frameworks */ = {
			isa = PBXFrameworksBuildPhase;
			buildActionMask = 2147483647;
			files = (
				6B167D9CC93A2A1331DAEBD7 /* Pods_DataLayer.framework in Frameworks */,
			);
			runOnlyForDeploymentPostprocessing = 0;
		};
		9F99D5571D65A3C00072EDBE /* Frameworks */ = {
			isa = PBXFrameworksBuildPhase;
			buildActionMask = 2147483647;
			files = (
				4184A2D9C563BD9791B000A9 /* Pods_IntegrationLayer.framework in Frameworks */,
			);
			runOnlyForDeploymentPostprocessing = 0;
		};
/* End PBXFrameworksBuildPhase section */

/* Begin PBXGroup section */
		9F99D5151D65A3600072EDBE = {
			isa = PBXGroup;
			children = (
				9F99D5201D65A3600072EDBE /* IDMDataFlow */,
				9F99D5391D65A3A80072EDBE /* ModelLayer */,
				9F99D54B1D65A3B50072EDBE /* DataLayer */,
				9F99D55C1D65A3C00072EDBE /* IntegrationLayer */,
				9F99D51F1D65A3600072EDBE /* Products */,
				B896D780AFA4C3BAF44190BE /* Pods */,
				F3E761AB79483DD0DF99CCB2 /* Frameworks */,
			);
			sourceTree = "<group>";
		};
		9F99D51F1D65A3600072EDBE /* Products */ = {
			isa = PBXGroup;
			children = (
				9F99D51E1D65A3600072EDBE /* IDMDataFlow.app */,
				9F99D5381D65A3A80072EDBE /* ModelLayer.framework */,
				9F99D54A1D65A3B50072EDBE /* DataLayer.framework */,
				9F99D55B1D65A3C00072EDBE /* IntegrationLayer.framework */,
			);
			name = Products;
			sourceTree = "<group>";
		};
		9F99D5201D65A3600072EDBE /* IDMDataFlow */ = {
			isa = PBXGroup;
			children = (
				9F99D56B1D65A5610072EDBE /* Common */,
				9F99D56C1D65A5610072EDBE /* Helpers */,
				9F99D56D1D65A5610072EDBE /* Providers */,
				9F99D56E1D65A5610072EDBE /* ViewControllers */,
				9F99D5211D65A3600072EDBE /* AppDelegate.swift */,
				9F99D5251D65A3600072EDBE /* Main.storyboard */,
				9F99D5281D65A3600072EDBE /* Assets.xcassets */,
				9F99D52A1D65A3600072EDBE /* LaunchScreen.storyboard */,
				9F99D52D1D65A3600072EDBE /* Info.plist */,
			);
			path = IDMDataFlow;
			sourceTree = "<group>";
		};
		9F99D5391D65A3A80072EDBE /* ModelLayer */ = {
			isa = PBXGroup;
			children = (
				9F99D5741D65A5FF0072EDBE /* User.swift */,
				9F99D53A1D65A3A80072EDBE /* ModelLayer.h */,
				9F99D53C1D65A3A80072EDBE /* Info.plist */,
			);
			path = ModelLayer;
			sourceTree = "<group>";
		};
		9F99D54B1D65A3B50072EDBE /* DataLayer */ = {
			isa = PBXGroup;
			children = (
				9F99D5761D65A6340072EDBE /* UserData.swift */,
				9F99D54C1D65A3B50072EDBE /* DataLayer.h */,
				9F99D54E1D65A3B50072EDBE /* Info.plist */,
			);
			path = DataLayer;
			sourceTree = "<group>";
		};
		9F99D55C1D65A3C00072EDBE /* IntegrationLayer */ = {
			isa = PBXGroup;
			children = (
				9F99D5781D65A6780072EDBE /* UserIntegration.swift */,
				9F99D55D1D65A3C00072EDBE /* IntegrationLayer.h */,
				9F99D55F1D65A3C00072EDBE /* Info.plist */,
			);
			path = IntegrationLayer;
			sourceTree = "<group>";
		};
		9F99D56B1D65A5610072EDBE /* Common */ = {
			isa = PBXGroup;
			children = (
			);
			path = Common;
			sourceTree = "<group>";
		};
		9F99D56C1D65A5610072EDBE /* Helpers */ = {
			isa = PBXGroup;
			children = (
				9F99D5711D65A5720072EDBE /* Extensions */,
			);
			path = Helpers;
			sourceTree = "<group>";
		};
		9F99D56D1D65A5610072EDBE /* Providers */ = {
			isa = PBXGroup;
			children = (
				9F99D57A1D65A6DF0072EDBE /* UsersProvider.swift */,
				9F99D57C1D65A72B0072EDBE /* UsersAdapter.swift */,
			);
			path = Providers;
			sourceTree = "<group>";
		};
		9F99D56E1D65A5610072EDBE /* ViewControllers */ = {
			isa = PBXGroup;
			children = (
				9F99D56F1D65A5610072EDBE /* UsersViewController.swift */,
			);
			path = ViewControllers;
			sourceTree = "<group>";
		};
		9F99D5711D65A5720072EDBE /* Extensions */ = {
			isa = PBXGroup;
			children = (
				9F99D5721D65A57B0072EDBE /* Extensions.swift */,
			);
			path = Extensions;
			sourceTree = "<group>";
		};
		B896D780AFA4C3BAF44190BE /* Pods */ = {
			isa = PBXGroup;
			children = (
				D23504879D637BDC5714A9DF /* Pods-DataLayer.debug.xcconfig */,
				BDD2F0754077C3EE2825AF06 /* Pods-DataLayer.release.xcconfig */,
				78E33A034465DE4F2C80C951 /* Pods-IDMDataFlow.debug.xcconfig */,
				C3E9416EE468EB1068056ED6 /* Pods-IDMDataFlow.release.xcconfig */,
				FC3CE25EBCF273AD727202D8 /* Pods-IntegrationLayer.debug.xcconfig */,
				A3AC0B89EB26201677617F02 /* Pods-IntegrationLayer.release.xcconfig */,
				34E9DCEFD2C9CC2EE5975043 /* Pods-ModelLayer.debug.xcconfig */,
				0BBAE0939473EA048FFD6695 /* Pods-ModelLayer.release.xcconfig */,
			);
			name = Pods;
			sourceTree = "<group>";
		};
		F3E761AB79483DD0DF99CCB2 /* Frameworks */ = {
			isa = PBXGroup;
			children = (
				490C7F74893C7E22C9CA2BF4 /* Pods_DataLayer.framework */,
				27710189D98BA1B36D82EE55 /* Pods_IDMDataFlow.framework */,
				FAEDBB8B4C650D0B65A8E82B /* Pods_IntegrationLayer.framework */,
				940DF8AA4D1CE4DFE43FFEEB /* Pods_ModelLayer.framework */,
			);
			name = Frameworks;
			sourceTree = "<group>";
		};
/* End PBXGroup section */

/* Begin PBXHeadersBuildPhase section */
		9F99D5351D65A3A80072EDBE /* Headers */ = {
			isa = PBXHeadersBuildPhase;
			buildActionMask = 2147483647;
			files = (
				9F99D54D1D65A3B50072EDBE /* DataLayer.h in Headers */,
				9F99D55E1D65A3C00072EDBE /* IntegrationLayer.h in Headers */,
				9F99D53B1D65A3A80072EDBE /* ModelLayer.h in Headers */,
			);
			runOnlyForDeploymentPostprocessing = 0;
		};
		9F99D5471D65A3B50072EDBE /* Headers */ = {
			isa = PBXHeadersBuildPhase;
			buildActionMask = 2147483647;
			files = (
			);
			runOnlyForDeploymentPostprocessing = 0;
		};
		9F99D5581D65A3C00072EDBE /* Headers */ = {
			isa = PBXHeadersBuildPhase;
			buildActionMask = 2147483647;
			files = (
			);
			runOnlyForDeploymentPostprocessing = 0;
		};
/* End PBXHeadersBuildPhase section */

/* Begin PBXNativeTarget section */
		9F99D51D1D65A3600072EDBE /* IDMDataFlow */ = {
			isa = PBXNativeTarget;
			buildConfigurationList = 9F99D5301D65A3600072EDBE /* Build configuration list for PBXNativeTarget "IDMDataFlow" */;
			buildPhases = (
				F22FCB40D9DE552482FD248F /* [CP] Check Pods Manifest.lock */,
				9F99D51A1D65A3600072EDBE /* Sources */,
				9F99D51B1D65A3600072EDBE /* Frameworks */,
				9F99D51C1D65A3600072EDBE /* Resources */,
				9F99D5441D65A3A80072EDBE /* Embed Frameworks */,
				AE2066494DD8D50C08E19202 /* [CP] Embed Pods Frameworks */,
				0A85E51033CF61539F164DAF /* [CP] Copy Pods Resources */,
			);
			buildRules = (
			);
			dependencies = (
				9F99D53E1D65A3A80072EDBE /* PBXTargetDependency */,
				9F99D5501D65A3B50072EDBE /* PBXTargetDependency */,
				9F99D5611D65A3C00072EDBE /* PBXTargetDependency */,
			);
			name = IDMDataFlow;
			productName = IDMDataFlow;
			productReference = 9F99D51E1D65A3600072EDBE /* IDMDataFlow.app */;
			productType = "com.apple.product-type.application";
		};
		9F99D5371D65A3A80072EDBE /* ModelLayer */ = {
			isa = PBXNativeTarget;
			buildConfigurationList = 9F99D5411D65A3A80072EDBE /* Build configuration list for PBXNativeTarget "ModelLayer" */;
			buildPhases = (
				C6A182013775AA6577020EA6 /* [CP] Check Pods Manifest.lock */,
				9F99D5331D65A3A80072EDBE /* Sources */,
				9F99D5341D65A3A80072EDBE /* Frameworks */,
				9F99D5351D65A3A80072EDBE /* Headers */,
				9F99D5361D65A3A80072EDBE /* Resources */,
				350D85AD98CBDA77CBE27924 /* [CP] Copy Pods Resources */,
			);
			buildRules = (
			);
			dependencies = (
			);
			name = ModelLayer;
			productName = ModelLayer;
			productReference = 9F99D5381D65A3A80072EDBE /* ModelLayer.framework */;
			productType = "com.apple.product-type.framework";
		};
		9F99D5491D65A3B50072EDBE /* DataLayer */ = {
			isa = PBXNativeTarget;
			buildConfigurationList = 9F99D5531D65A3B50072EDBE /* Build configuration list for PBXNativeTarget "DataLayer" */;
			buildPhases = (
				C97E7EC39DB4993A9685399E /* [CP] Check Pods Manifest.lock */,
				9F99D5451D65A3B50072EDBE /* Sources */,
				9F99D5461D65A3B50072EDBE /* Frameworks */,
				9F99D5471D65A3B50072EDBE /* Headers */,
				9F99D5481D65A3B50072EDBE /* Resources */,
				050F1C165FEAAFD212CBA1AC /* [CP] Copy Pods Resources */,
			);
			buildRules = (
			);
			dependencies = (
			);
			name = DataLayer;
			productName = DataLayer;
			productReference = 9F99D54A1D65A3B50072EDBE /* DataLayer.framework */;
			productType = "com.apple.product-type.framework";
		};
		9F99D55A1D65A3C00072EDBE /* IntegrationLayer */ = {
			isa = PBXNativeTarget;
			buildConfigurationList = 9F99D5641D65A3C00072EDBE /* Build configuration list for PBXNativeTarget "IntegrationLayer" */;
			buildPhases = (
				FC7E7B4336B65910151148B7 /* [CP] Check Pods Manifest.lock */,
				9F99D5561D65A3C00072EDBE /* Sources */,
				9F99D5571D65A3C00072EDBE /* Frameworks */,
				9F99D5581D65A3C00072EDBE /* Headers */,
				9F99D5591D65A3C00072EDBE /* Resources */,
				6AAEEE26BA46E50608702D6D /* [CP] Copy Pods Resources */,
			);
			buildRules = (
			);
			dependencies = (
				9F99D5681D65A3CD0072EDBE /* PBXTargetDependency */,
				9F99D56A1D65A3CD0072EDBE /* PBXTargetDependency */,
			);
			name = IntegrationLayer;
			productName = IntegrationLayer;
			productReference = 9F99D55B1D65A3C00072EDBE /* IntegrationLayer.framework */;
			productType = "com.apple.product-type.framework";
		};
/* End PBXNativeTarget section */

/* Begin PBXProject section */
		9F99D5161D65A3600072EDBE /* Project object */ = {
			isa = PBXProject;
			attributes = {
				LastSwiftUpdateCheck = 0730;
				LastUpgradeCheck = 0730;
				ORGANIZATIONNAME = "NGUYEN CHI CONG";
				TargetAttributes = {
					9F99D51D1D65A3600072EDBE = {
						CreatedOnToolsVersion = 7.3.1;
					};
					9F99D5371D65A3A80072EDBE = {
						CreatedOnToolsVersion = 7.3.1;
					};
					9F99D5491D65A3B50072EDBE = {
						CreatedOnToolsVersion = 7.3.1;
					};
					9F99D55A1D65A3C00072EDBE = {
						CreatedOnToolsVersion = 7.3.1;
					};
				};
			};
			buildConfigurationList = 9F99D5191D65A3600072EDBE /* Build configuration list for PBXProject "IDMDataFlow" */;
			compatibilityVersion = "Xcode 3.2";
			developmentRegion = English;
			hasScannedForEncodings = 0;
			knownRegions = (
				en,
				Base,
			);
			mainGroup = 9F99D5151D65A3600072EDBE;
			productRefGroup = 9F99D51F1D65A3600072EDBE /* Products */;
			projectDirPath = "";
			projectRoot = "";
			targets = (
				9F99D51D1D65A3600072EDBE /* IDMDataFlow */,
				9F99D5371D65A3A80072EDBE /* ModelLayer */,
				9F99D5491D65A3B50072EDBE /* DataLayer */,
				9F99D55A1D65A3C00072EDBE /* IntegrationLayer */,
			);
		};
/* End PBXProject section */

/* Begin PBXResourcesBuildPhase section */
		9F99D51C1D65A3600072EDBE /* Resources */ = {
			isa = PBXResourcesBuildPhase;
			buildActionMask = 2147483647;
			files = (
				9F99D52C1D65A3600072EDBE /* LaunchScreen.storyboard in Resources */,
				9F99D5291D65A3600072EDBE /* Assets.xcassets in Resources */,
				9F99D5271D65A3600072EDBE /* Main.storyboard in Resources */,
			);
			runOnlyForDeploymentPostprocessing = 0;
		};
		9F99D5361D65A3A80072EDBE /* Resources */ = {
			isa = PBXResourcesBuildPhase;
			buildActionMask = 2147483647;
			files = (
			);
			runOnlyForDeploymentPostprocessing = 0;
		};
		9F99D5481D65A3B50072EDBE /* Resources */ = {
			isa = PBXResourcesBuildPhase;
			buildActionMask = 2147483647;
			files = (
			);
			runOnlyForDeploymentPostprocessing = 0;
		};
		9F99D5591D65A3C00072EDBE /* Resources */ = {
			isa = PBXResourcesBuildPhase;
			buildActionMask = 2147483647;
			files = (
			);
			runOnlyForDeploymentPostprocessing = 0;
		};
/* End PBXResourcesBuildPhase section */

/* Begin PBXShellScriptBuildPhase section */
		050F1C165FEAAFD212CBA1AC /* [CP] Copy Pods Resources */ = {
			isa = PBXShellScriptBuildPhase;
			buildActionMask = 2147483647;
			files = (
			);
			inputPaths = (
			);
			name = "[CP] Copy Pods Resources";
			outputPaths = (
			);
			runOnlyForDeploymentPostprocessing = 0;
			shellPath = /bin/sh;
			shellScript = "\"${SRCROOT}/Pods/Target Support Files/Pods-DataLayer/Pods-DataLayer-resources.sh\"\n";
			showEnvVarsInLog = 0;
		};
		0A85E51033CF61539F164DAF /* [CP] Copy Pods Resources */ = {
			isa = PBXShellScriptBuildPhase;
			buildActionMask = 2147483647;
			files = (
			);
			inputPaths = (
			);
			name = "[CP] Copy Pods Resources";
			outputPaths = (
			);
			runOnlyForDeploymentPostprocessing = 0;
			shellPath = /bin/sh;
			shellScript = "\"${SRCROOT}/Pods/Target Support Files/Pods-IDMDataFlow/Pods-IDMDataFlow-resources.sh\"\n";
			showEnvVarsInLog = 0;
		};
		350D85AD98CBDA77CBE27924 /* [CP] Copy Pods Resources */ = {
			isa = PBXShellScriptBuildPhase;
			buildActionMask = 2147483647;
			files = (
			);
			inputPaths = (
			);
			name = "[CP] Copy Pods Resources";
			outputPaths = (
			);
			runOnlyForDeploymentPostprocessing = 0;
			shellPath = /bin/sh;
			shellScript = "\"${SRCROOT}/Pods/Target Support Files/Pods-ModelLayer/Pods-ModelLayer-resources.sh\"\n";
			showEnvVarsInLog = 0;
		};
		6AAEEE26BA46E50608702D6D /* [CP] Copy Pods Resources */ = {
			isa = PBXShellScriptBuildPhase;
			buildActionMask = 2147483647;
			files = (
			);
			inputPaths = (
			);
			name = "[CP] Copy Pods Resources";
			outputPaths = (
			);
			runOnlyForDeploymentPostprocessing = 0;
			shellPath = /bin/sh;
			shellScript = "\"${SRCROOT}/Pods/Target Support Files/Pods-IntegrationLayer/Pods-IntegrationLayer-resources.sh\"\n";
			showEnvVarsInLog = 0;
		};
		AE2066494DD8D50C08E19202 /* [CP] Embed Pods Frameworks */ = {
			isa = PBXShellScriptBuildPhase;
			buildActionMask = 2147483647;
			files = (
			);
			inputPaths = (
			);
			name = "[CP] Embed Pods Frameworks";
			outputPaths = (
			);
			runOnlyForDeploymentPostprocessing = 0;
			shellPath = /bin/sh;
			shellScript = "\"${SRCROOT}/Pods/Target Support Files/Pods-IDMDataFlow/Pods-IDMDataFlow-frameworks.sh\"\n";
			showEnvVarsInLog = 0;
		};
		C6A182013775AA6577020EA6 /* [CP] Check Pods Manifest.lock */ = {
			isa = PBXShellScriptBuildPhase;
			buildActionMask = 2147483647;
			files = (
			);
			inputPaths = (
			);
			name = "[CP] Check Pods Manifest.lock";
			outputPaths = (
			);
			runOnlyForDeploymentPostprocessing = 0;
			shellPath = /bin/sh;
			shellScript = "diff \"${PODS_ROOT}/../Podfile.lock\" \"${PODS_ROOT}/Manifest.lock\" > /dev/null\nif [[ $? != 0 ]] ; then\n    cat << EOM\nerror: The sandbox is not in sync with the Podfile.lock. Run 'pod install' or update your CocoaPods installation.\nEOM\n    exit 1\nfi\n";
			showEnvVarsInLog = 0;
		};
		C97E7EC39DB4993A9685399E /* [CP] Check Pods Manifest.lock */ = {
			isa = PBXShellScriptBuildPhase;
			buildActionMask = 2147483647;
			files = (
			);
			inputPaths = (
			);
			name = "[CP] Check Pods Manifest.lock";
			outputPaths = (
			);
			runOnlyForDeploymentPostprocessing = 0;
			shellPath = /bin/sh;
			shellScript = "diff \"${PODS_ROOT}/../Podfile.lock\" \"${PODS_ROOT}/Manifest.lock\" > /dev/null\nif [[ $? != 0 ]] ; then\n    cat << EOM\nerror: The sandbox is not in sync with the Podfile.lock. Run 'pod install' or update your CocoaPods installation.\nEOM\n    exit 1\nfi\n";
			showEnvVarsInLog = 0;
		};
		F22FCB40D9DE552482FD248F /* [CP] Check Pods Manifest.lock */ = {
			isa = PBXShellScriptBuildPhase;
			buildActionMask = 2147483647;
			files = (
			);
			inputPaths = (
			);
			name = "[CP] Check Pods Manifest.lock";
			outputPaths = (
			);
			runOnlyForDeploymentPostprocessing = 0;
			shellPath = /bin/sh;
			shellScript = "diff \"${PODS_ROOT}/../Podfile.lock\" \"${PODS_ROOT}/Manifest.lock\" > /dev/null\nif [[ $? != 0 ]] ; then\n    cat << EOM\nerror: The sandbox is not in sync with the Podfile.lock. Run 'pod install' or update your CocoaPods installation.\nEOM\n    exit 1\nfi\n";
			showEnvVarsInLog = 0;
		};
		FC7E7B4336B65910151148B7 /* [CP] Check Pods Manifest.lock */ = {
			isa = PBXShellScriptBuildPhase;
			buildActionMask = 2147483647;
			files = (
			);
			inputPaths = (
			);
			name = "[CP] Check Pods Manifest.lock";
			outputPaths = (
			);
			runOnlyForDeploymentPostprocessing = 0;
			shellPath = /bin/sh;
			shellScript = "diff \"${PODS_ROOT}/../Podfile.lock\" \"${PODS_ROOT}/Manifest.lock\" > /dev/null\nif [[ $? != 0 ]] ; then\n    cat << EOM\nerror: The sandbox is not in sync with the Podfile.lock. Run 'pod install' or update your CocoaPods installation.\nEOM\n    exit 1\nfi\n";
			showEnvVarsInLog = 0;
		};
/* End PBXShellScriptBuildPhase section */

/* Begin PBXSourcesBuildPhase section */
		9F99D51A1D65A3600072EDBE /* Sources */ = {
			isa = PBXSourcesBuildPhase;
			buildActionMask = 2147483647;
			files = (
				9F99D5701D65A5610072EDBE /* UsersViewController.swift in Sources */,
				9F99D5731D65A57B0072EDBE /* Extensions.swift in Sources */,
				9F99D5221D65A3600072EDBE /* AppDelegate.swift in Sources */,
				9F99D57D1D65A72B0072EDBE /* UsersAdapter.swift in Sources */,
				9F99D57B1D65A6DF0072EDBE /* UsersProvider.swift in Sources */,
			);
			runOnlyForDeploymentPostprocessing = 0;
		};
		9F99D5331D65A3A80072EDBE /* Sources */ = {
			isa = PBXSourcesBuildPhase;
			buildActionMask = 2147483647;
			files = (
				9F99D5751D65A5FF0072EDBE /* User.swift in Sources */,
			);
			runOnlyForDeploymentPostprocessing = 0;
		};
		9F99D5451D65A3B50072EDBE /* Sources */ = {
			isa = PBXSourcesBuildPhase;
			buildActionMask = 2147483647;
			files = (
				9F99D5771D65A6340072EDBE /* UserData.swift in Sources */,
			);
			runOnlyForDeploymentPostprocessing = 0;
		};
		9F99D5561D65A3C00072EDBE /* Sources */ = {
			isa = PBXSourcesBuildPhase;
			buildActionMask = 2147483647;
			files = (
				9F99D5791D65A6780072EDBE /* UserIntegration.swift in Sources */,
			);
			runOnlyForDeploymentPostprocessing = 0;
		};
/* End PBXSourcesBuildPhase section */

/* Begin PBXTargetDependency section */
		9F99D53E1D65A3A80072EDBE /* PBXTargetDependency */ = {
			isa = PBXTargetDependency;
			target = 9F99D5371D65A3A80072EDBE /* ModelLayer */;
			targetProxy = 9F99D53D1D65A3A80072EDBE /* PBXContainerItemProxy */;
		};
		9F99D5501D65A3B50072EDBE /* PBXTargetDependency */ = {
			isa = PBXTargetDependency;
			target = 9F99D5491D65A3B50072EDBE /* DataLayer */;
			targetProxy = 9F99D54F1D65A3B50072EDBE /* PBXContainerItemProxy */;
		};
		9F99D5611D65A3C00072EDBE /* PBXTargetDependency */ = {
			isa = PBXTargetDependency;
			target = 9F99D55A1D65A3C00072EDBE /* IntegrationLayer */;
			targetProxy = 9F99D5601D65A3C00072EDBE /* PBXContainerItemProxy */;
		};
		9F99D5681D65A3CD0072EDBE /* PBXTargetDependency */ = {
			isa = PBXTargetDependency;
			target = 9F99D5371D65A3A80072EDBE /* ModelLayer */;
			targetProxy = 9F99D5671D65A3CD0072EDBE /* PBXContainerItemProxy */;
		};
		9F99D56A1D65A3CD0072EDBE /* PBXTargetDependency */ = {
			isa = PBXTargetDependency;
			target = 9F99D5491D65A3B50072EDBE /* DataLayer */;
			targetProxy = 9F99D5691D65A3CD0072EDBE /* PBXContainerItemProxy */;
		};
/* End PBXTargetDependency section */

/* Begin PBXVariantGroup section */
		9F99D5251D65A3600072EDBE /* Main.storyboard */ = {
			isa = PBXVariantGroup;
			children = (
				9F99D5261D65A3600072EDBE /* Base */,
			);
			name = Main.storyboard;
			sourceTree = "<group>";
		};
		9F99D52A1D65A3600072EDBE /* LaunchScreen.storyboard */ = {
			isa = PBXVariantGroup;
			children = (
				9F99D52B1D65A3600072EDBE /* Base */,
			);
			name = LaunchScreen.storyboard;
			sourceTree = "<group>";
		};
/* End PBXVariantGroup section */

/* Begin XCBuildConfiguration section */
		9F99D52E1D65A3600072EDBE /* Debug */ = {
			isa = XCBuildConfiguration;
			buildSettings = {
				ALWAYS_SEARCH_USER_PATHS = NO;
				CLANG_ANALYZER_NONNULL = YES;
				CLANG_CXX_LANGUAGE_STANDARD = "gnu++0x";
				CLANG_CXX_LIBRARY = "libc++";
				CLANG_ENABLE_MODULES = YES;
				CLANG_ENABLE_OBJC_ARC = YES;
				CLANG_WARN_BOOL_CONVERSION = YES;
				CLANG_WARN_CONSTANT_CONVERSION = YES;
				CLANG_WARN_DIRECT_OBJC_ISA_USAGE = YES_ERROR;
				CLANG_WARN_EMPTY_BODY = YES;
				CLANG_WARN_ENUM_CONVERSION = YES;
				CLANG_WARN_INT_CONVERSION = YES;
				CLANG_WARN_OBJC_ROOT_CLASS = YES_ERROR;
				CLANG_WARN_UNREACHABLE_CODE = YES;
				CLANG_WARN__DUPLICATE_METHOD_MATCH = YES;
				"CODE_SIGN_IDENTITY[sdk=iphoneos*]" = "iPhone Developer";
				COPY_PHASE_STRIP = NO;
				DEBUG_INFORMATION_FORMAT = dwarf;
				ENABLE_STRICT_OBJC_MSGSEND = YES;
				ENABLE_TESTABILITY = YES;
				GCC_C_LANGUAGE_STANDARD = gnu99;
				GCC_DYNAMIC_NO_PIC = NO;
				GCC_NO_COMMON_BLOCKS = YES;
				GCC_OPTIMIZATION_LEVEL = 0;
				GCC_PREPROCESSOR_DEFINITIONS = (
					"DEBUG=1",
					"$(inherited)",
				);
				GCC_WARN_64_TO_32_BIT_CONVERSION = YES;
				GCC_WARN_ABOUT_RETURN_TYPE = YES_ERROR;
				GCC_WARN_UNDECLARED_SELECTOR = YES;
				GCC_WARN_UNINITIALIZED_AUTOS = YES_AGGRESSIVE;
				GCC_WARN_UNUSED_FUNCTION = YES;
				GCC_WARN_UNUSED_VARIABLE = YES;
				IPHONEOS_DEPLOYMENT_TARGET = 9.3;
				MTL_ENABLE_DEBUG_INFO = YES;
				ONLY_ACTIVE_ARCH = YES;
				SDKROOT = iphoneos;
				SWIFT_OPTIMIZATION_LEVEL = "-Onone";
				TARGETED_DEVICE_FAMILY = "1,2";
			};
			name = Debug;
		};
		9F99D52F1D65A3600072EDBE /* Release */ = {
			isa = XCBuildConfiguration;
			buildSettings = {
				ALWAYS_SEARCH_USER_PATHS = NO;
				CLANG_ANALYZER_NONNULL = YES;
				CLANG_CXX_LANGUAGE_STANDARD = "gnu++0x";
				CLANG_CXX_LIBRARY = "libc++";
				CLANG_ENABLE_MODULES = YES;
				CLANG_ENABLE_OBJC_ARC = YES;
				CLANG_WARN_BOOL_CONVERSION = YES;
				CLANG_WARN_CONSTANT_CONVERSION = YES;
				CLANG_WARN_DIRECT_OBJC_ISA_USAGE = YES_ERROR;
				CLANG_WARN_EMPTY_BODY = YES;
				CLANG_WARN_ENUM_CONVERSION = YES;
				CLANG_WARN_INT_CONVERSION = YES;
				CLANG_WARN_OBJC_ROOT_CLASS = YES_ERROR;
				CLANG_WARN_UNREACHABLE_CODE = YES;
				CLANG_WARN__DUPLICATE_METHOD_MATCH = YES;
				"CODE_SIGN_IDENTITY[sdk=iphoneos*]" = "iPhone Developer";
				COPY_PHASE_STRIP = NO;
				DEBUG_INFORMATION_FORMAT = "dwarf-with-dsym";
				ENABLE_NS_ASSERTIONS = NO;
				ENABLE_STRICT_OBJC_MSGSEND = YES;
				GCC_C_LANGUAGE_STANDARD = gnu99;
				GCC_NO_COMMON_BLOCKS = YES;
				GCC_WARN_64_TO_32_BIT_CONVERSION = YES;
				GCC_WARN_ABOUT_RETURN_TYPE = YES_ERROR;
				GCC_WARN_UNDECLARED_SELECTOR = YES;
				GCC_WARN_UNINITIALIZED_AUTOS = YES_AGGRESSIVE;
				GCC_WARN_UNUSED_FUNCTION = YES;
				GCC_WARN_UNUSED_VARIABLE = YES;
				IPHONEOS_DEPLOYMENT_TARGET = 9.3;
				MTL_ENABLE_DEBUG_INFO = NO;
				SDKROOT = iphoneos;
				TARGETED_DEVICE_FAMILY = "1,2";
				VALIDATE_PRODUCT = YES;
			};
			name = Release;
		};
		9F99D5311D65A3600072EDBE /* Debug */ = {
			isa = XCBuildConfiguration;
			baseConfigurationReference = 78E33A034465DE4F2C80C951 /* Pods-IDMDataFlow.debug.xcconfig */;
			buildSettings = {
				ASSETCATALOG_COMPILER_APPICON_NAME = AppIcon;
				EMBEDDED_CONTENT_CONTAINS_SWIFT = YES;
				INFOPLIST_FILE = IDMDataFlow/Info.plist;
				IPHONEOS_DEPLOYMENT_TARGET = 8.0;
				LD_RUNPATH_SEARCH_PATHS = "$(inherited) @executable_path/Frameworks";
				PRODUCT_BUNDLE_IDENTIFIER = com.sifvn.ios.IDMDataFlow;
				PRODUCT_NAME = "$(TARGET_NAME)";
			};
			name = Debug;
		};
		9F99D5321D65A3600072EDBE /* Release */ = {
			isa = XCBuildConfiguration;
			baseConfigurationReference = C3E9416EE468EB1068056ED6 /* Pods-IDMDataFlow.release.xcconfig */;
			buildSettings = {
				ASSETCATALOG_COMPILER_APPICON_NAME = AppIcon;
				EMBEDDED_CONTENT_CONTAINS_SWIFT = YES;
				INFOPLIST_FILE = IDMDataFlow/Info.plist;
				IPHONEOS_DEPLOYMENT_TARGET = 8.0;
				LD_RUNPATH_SEARCH_PATHS = "$(inherited) @executable_path/Frameworks";
				PRODUCT_BUNDLE_IDENTIFIER = com.sifvn.ios.IDMDataFlow;
				PRODUCT_NAME = "$(TARGET_NAME)";
			};
			name = Release;
		};
		9F99D5421D65A3A80072EDBE /* Debug */ = {
			isa = XCBuildConfiguration;
			baseConfigurationReference = 34E9DCEFD2C9CC2EE5975043 /* Pods-ModelLayer.debug.xcconfig */;
			buildSettings = {
				CLANG_ENABLE_MODULES = YES;
				CURRENT_PROJECT_VERSION = 1;
				DEFINES_MODULE = YES;
				DYLIB_COMPATIBILITY_VERSION = 1;
				DYLIB_CURRENT_VERSION = 1;
				DYLIB_INSTALL_NAME_BASE = "@rpath";
				INFOPLIST_FILE = ModelLayer/Info.plist;
				INSTALL_PATH = "$(LOCAL_LIBRARY_DIR)/Frameworks";
				IPHONEOS_DEPLOYMENT_TARGET = 8.0;
				LD_RUNPATH_SEARCH_PATHS = "$(inherited) @executable_path/Frameworks @loader_path/Frameworks";
				PRODUCT_BUNDLE_IDENTIFIER = com.sifvn.ios.ModelLayer;
				PRODUCT_NAME = "$(TARGET_NAME)";
				SKIP_INSTALL = YES;
				SWIFT_OPTIMIZATION_LEVEL = "-Onone";
				VERSIONING_SYSTEM = "apple-generic";
				VERSION_INFO_PREFIX = "";
			};
			name = Debug;
		};
		9F99D5431D65A3A80072EDBE /* Release */ = {
			isa = XCBuildConfiguration;
			baseConfigurationReference = 0BBAE0939473EA048FFD6695 /* Pods-ModelLayer.release.xcconfig */;
			buildSettings = {
				CLANG_ENABLE_MODULES = YES;
				CURRENT_PROJECT_VERSION = 1;
				DEFINES_MODULE = YES;
				DYLIB_COMPATIBILITY_VERSION = 1;
				DYLIB_CURRENT_VERSION = 1;
				DYLIB_INSTALL_NAME_BASE = "@rpath";
				INFOPLIST_FILE = ModelLayer/Info.plist;
				INSTALL_PATH = "$(LOCAL_LIBRARY_DIR)/Frameworks";
				IPHONEOS_DEPLOYMENT_TARGET = 8.0;
				LD_RUNPATH_SEARCH_PATHS = "$(inherited) @executable_path/Frameworks @loader_path/Frameworks";
				PRODUCT_BUNDLE_IDENTIFIER = com.sifvn.ios.ModelLayer;
				PRODUCT_NAME = "$(TARGET_NAME)";
				SKIP_INSTALL = YES;
				VERSIONING_SYSTEM = "apple-generic";
				VERSION_INFO_PREFIX = "";
			};
			name = Release;
		};
		9F99D5541D65A3B50072EDBE /* Debug */ = {
			isa = XCBuildConfiguration;
			baseConfigurationReference = D23504879D637BDC5714A9DF /* Pods-DataLayer.debug.xcconfig */;
			buildSettings = {
				CLANG_ENABLE_MODULES = YES;
				CURRENT_PROJECT_VERSION = 1;
				DEFINES_MODULE = YES;
				DYLIB_COMPATIBILITY_VERSION = 1;
				DYLIB_CURRENT_VERSION = 1;
				DYLIB_INSTALL_NAME_BASE = "@rpath";
				INFOPLIST_FILE = DataLayer/Info.plist;
				INSTALL_PATH = "$(LOCAL_LIBRARY_DIR)/Frameworks";
				IPHONEOS_DEPLOYMENT_TARGET = 8.0;
				LD_RUNPATH_SEARCH_PATHS = "$(inherited) @executable_path/Frameworks @loader_path/Frameworks";
				PRODUCT_BUNDLE_IDENTIFIER = com.sifvn.ios.DataLayer;
				PRODUCT_NAME = "$(TARGET_NAME)";
				SKIP_INSTALL = YES;
				SWIFT_OPTIMIZATION_LEVEL = "-Onone";
				VERSIONING_SYSTEM = "apple-generic";
				VERSION_INFO_PREFIX = "";
			};
			name = Debug;
		};
		9F99D5551D65A3B50072EDBE /* Release */ = {
			isa = XCBuildConfiguration;
			baseConfigurationReference = BDD2F0754077C3EE2825AF06 /* Pods-DataLayer.release.xcconfig */;
			buildSettings = {
				CLANG_ENABLE_MODULES = YES;
				CURRENT_PROJECT_VERSION = 1;
				DEFINES_MODULE = YES;
				DYLIB_COMPATIBILITY_VERSION = 1;
				DYLIB_CURRENT_VERSION = 1;
				DYLIB_INSTALL_NAME_BASE = "@rpath";
				INFOPLIST_FILE = DataLayer/Info.plist;
				INSTALL_PATH = "$(LOCAL_LIBRARY_DIR)/Frameworks";
				IPHONEOS_DEPLOYMENT_TARGET = 8.0;
				LD_RUNPATH_SEARCH_PATHS = "$(inherited) @executable_path/Frameworks @loader_path/Frameworks";
				PRODUCT_BUNDLE_IDENTIFIER = com.sifvn.ios.DataLayer;
				PRODUCT_NAME = "$(TARGET_NAME)";
				SKIP_INSTALL = YES;
				VERSIONING_SYSTEM = "apple-generic";
				VERSION_INFO_PREFIX = "";
			};
			name = Release;
		};
		9F99D5651D65A3C00072EDBE /* Debug */ = {
			isa = XCBuildConfiguration;
			baseConfigurationReference = FC3CE25EBCF273AD727202D8 /* Pods-IntegrationLayer.debug.xcconfig */;
			buildSettings = {
				CLANG_ENABLE_MODULES = YES;
				CURRENT_PROJECT_VERSION = 1;
				DEFINES_MODULE = YES;
				DYLIB_COMPATIBILITY_VERSION = 1;
				DYLIB_CURRENT_VERSION = 1;
				DYLIB_INSTALL_NAME_BASE = "@rpath";
				INFOPLIST_FILE = IntegrationLayer/Info.plist;
				INSTALL_PATH = "$(LOCAL_LIBRARY_DIR)/Frameworks";
				IPHONEOS_DEPLOYMENT_TARGET = 8.0;
				LD_RUNPATH_SEARCH_PATHS = "$(inherited) @executable_path/Frameworks @loader_path/Frameworks";
				PRODUCT_BUNDLE_IDENTIFIER = com.sifvn.ios.IntegrationLayer;
				PRODUCT_NAME = "$(TARGET_NAME)";
				SKIP_INSTALL = YES;
				SWIFT_OPTIMIZATION_LEVEL = "-Onone";
				VERSIONING_SYSTEM = "apple-generic";
				VERSION_INFO_PREFIX = "";
			};
			name = Debug;
		};
		9F99D5661D65A3C00072EDBE /* Release */ = {
			isa = XCBuildConfiguration;
			baseConfigurationReference = A3AC0B89EB26201677617F02 /* Pods-IntegrationLayer.release.xcconfig */;
			buildSettings = {
				CLANG_ENABLE_MODULES = YES;
				CURRENT_PROJECT_VERSION = 1;
				DEFINES_MODULE = YES;
				DYLIB_COMPATIBILITY_VERSION = 1;
				DYLIB_CURRENT_VERSION = 1;
				DYLIB_INSTALL_NAME_BASE = "@rpath";
				INFOPLIST_FILE = IntegrationLayer/Info.plist;
				INSTALL_PATH = "$(LOCAL_LIBRARY_DIR)/Frameworks";
				IPHONEOS_DEPLOYMENT_TARGET = 8.0;
				LD_RUNPATH_SEARCH_PATHS = "$(inherited) @executable_path/Frameworks @loader_path/Frameworks";
				PRODUCT_BUNDLE_IDENTIFIER = com.sifvn.ios.IntegrationLayer;
				PRODUCT_NAME = "$(TARGET_NAME)";
				SKIP_INSTALL = YES;
				VERSIONING_SYSTEM = "apple-generic";
				VERSION_INFO_PREFIX = "";
			};
			name = Release;
		};
/* End XCBuildConfiguration section */

/* Begin XCConfigurationList section */
		9F99D5191D65A3600072EDBE /* Build configuration list for PBXProject "IDMDataFlow" */ = {
			isa = XCConfigurationList;
			buildConfigurations = (
				9F99D52E1D65A3600072EDBE /* Debug */,
				9F99D52F1D65A3600072EDBE /* Release */,
			);
			defaultConfigurationIsVisible = 0;
			defaultConfigurationName = Release;
		};
		9F99D5301D65A3600072EDBE /* Build configuration list for PBXNativeTarget "IDMDataFlow" */ = {
			isa = XCConfigurationList;
			buildConfigurations = (
				9F99D5311D65A3600072EDBE /* Debug */,
				9F99D5321D65A3600072EDBE /* Release */,
			);
			defaultConfigurationIsVisible = 0;
			defaultConfigurationName = Release;
		};
		9F99D5411D65A3A80072EDBE /* Build configuration list for PBXNativeTarget "ModelLayer" */ = {
			isa = XCConfigurationList;
			buildConfigurations = (
				9F99D5421D65A3A80072EDBE /* Debug */,
				9F99D5431D65A3A80072EDBE /* Release */,
			);
			defaultConfigurationIsVisible = 0;
			defaultConfigurationName = Release;
		};
		9F99D5531D65A3B50072EDBE /* Build configuration list for PBXNativeTarget "DataLayer" */ = {
			isa = XCConfigurationList;
			buildConfigurations = (
				9F99D5541D65A3B50072EDBE /* Debug */,
				9F99D5551D65A3B50072EDBE /* Release */,
			);
			defaultConfigurationIsVisible = 0;
			defaultConfigurationName = Release;
		};
		9F99D5641D65A3C00072EDBE /* Build configuration list for PBXNativeTarget "IntegrationLayer" */ = {
			isa = XCConfigurationList;
			buildConfigurations = (
				9F99D5651D65A3C00072EDBE /* Debug */,
				9F99D5661D65A3C00072EDBE /* Release */,
			);
			defaultConfigurationIsVisible = 0;
			defaultConfigurationName = Release;
		};
/* End XCConfigurationList section */
	};
	rootObject = 9F99D5161D65A3600072EDBE /* Project object */;
}
