// !$*UTF8*$!
{
	archiveVersion = 1;
	classes = {
	};
	objectVersion = 46;
	objects = {

/* Begin PBXBuildFile section */
		20E460A71D9019E100065D82 /* UserDataProvider.swift in Sources */ = {isa = PBXBuildFile; fileRef = 20E460A61D9019E100065D82 /* UserDataProvider.swift */; };
		20E460AA1D9019F500065D82 /* User.swift in Sources */ = {isa = PBXBuildFile; fileRef = 20E460A91D9019F500065D82 /* User.swift */; };
		20E460AC1D9021C400065D82 /* UsersAdapter.swift in Sources */ = {isa = PBXBuildFile; fileRef = 20E460AB1D9021C400065D82 /* UsersAdapter.swift */; };
		9F99D5221D65A3600072EDBE /* AppDelegate.swift in Sources */ = {isa = PBXBuildFile; fileRef = 9F99D5211D65A3600072EDBE /* AppDelegate.swift */; };
		9F99D5271D65A3600072EDBE /* Main.storyboard in Resources */ = {isa = PBXBuildFile; fileRef = 9F99D5251D65A3600072EDBE /* Main.storyboard */; };
		9F99D5291D65A3600072EDBE /* Assets.xcassets in Resources */ = {isa = PBXBuildFile; fileRef = 9F99D5281D65A3600072EDBE /* Assets.xcassets */; };
		9F99D52C1D65A3600072EDBE /* LaunchScreen.storyboard in Resources */ = {isa = PBXBuildFile; fileRef = 9F99D52A1D65A3600072EDBE /* LaunchScreen.storyboard */; };
		9F99D5701D65A5610072EDBE /* UsersViewController.swift in Sources */ = {isa = PBXBuildFile; fileRef = 9F99D56F1D65A5610072EDBE /* UsersViewController.swift */; };
		9F99D5731D65A57B0072EDBE /* Extensions.swift in Sources */ = {isa = PBXBuildFile; fileRef = 9F99D5721D65A57B0072EDBE /* Extensions.swift */; };
		A21EAD1AAF45F95012D61D02 /* Pods_IDMDataFlow.framework in Frameworks */ = {isa = PBXBuildFile; fileRef = 27710189D98BA1B36D82EE55 /* Pods_IDMDataFlow.framework */; };
/* End PBXBuildFile section */

/* Begin PBXCopyFilesBuildPhase section */
		9F99D5441D65A3A80072EDBE /* Embed Frameworks */ = {
			isa = PBXCopyFilesBuildPhase;
			buildActionMask = 2147483647;
			dstPath = "";
			dstSubfolderSpec = 10;
			files = (
			);
			name = "Embed Frameworks";
			runOnlyForDeploymentPostprocessing = 0;
		};
/* End PBXCopyFilesBuildPhase section */

/* Begin PBXFileReference section */
		0BBAE0939473EA048FFD6695 /* Pods-ModelLayer.release.xcconfig */ = {isa = PBXFileReference; includeInIndex = 1; lastKnownFileType = text.xcconfig; name = "Pods-ModelLayer.release.xcconfig"; path = "Pods/Target Support Files/Pods-ModelLayer/Pods-ModelLayer.release.xcconfig"; sourceTree = "<group>"; };
		20E460A61D9019E100065D82 /* UserDataProvider.swift */ = {isa = PBXFileReference; fileEncoding = 4; lastKnownFileType = sourcecode.swift; path = UserDataProvider.swift; sourceTree = "<group>"; };
		20E460A91D9019F500065D82 /* User.swift */ = {isa = PBXFileReference; fileEncoding = 4; lastKnownFileType = sourcecode.swift; path = User.swift; sourceTree = "<group>"; };
		20E460AB1D9021C400065D82 /* UsersAdapter.swift */ = {isa = PBXFileReference; fileEncoding = 4; lastKnownFileType = sourcecode.swift; path = UsersAdapter.swift; sourceTree = "<group>"; };
		27710189D98BA1B36D82EE55 /* Pods_IDMDataFlow.framework */ = {isa = PBXFileReference; explicitFileType = wrapper.framework; includeInIndex = 0; path = Pods_IDMDataFlow.framework; sourceTree = BUILT_PRODUCTS_DIR; };
		34E9DCEFD2C9CC2EE5975043 /* Pods-ModelLayer.debug.xcconfig */ = {isa = PBXFileReference; includeInIndex = 1; lastKnownFileType = text.xcconfig; name = "Pods-ModelLayer.debug.xcconfig"; path = "Pods/Target Support Files/Pods-ModelLayer/Pods-ModelLayer.debug.xcconfig"; sourceTree = "<group>"; };
		490C7F74893C7E22C9CA2BF4 /* Pods_DataLayer.framework */ = {isa = PBXFileReference; explicitFileType = wrapper.framework; includeInIndex = 0; path = Pods_DataLayer.framework; sourceTree = BUILT_PRODUCTS_DIR; };
		78E33A034465DE4F2C80C951 /* Pods-IDMDataFlow.debug.xcconfig */ = {isa = PBXFileReference; includeInIndex = 1; lastKnownFileType = text.xcconfig; name = "Pods-IDMDataFlow.debug.xcconfig"; path = "Pods/Target Support Files/Pods-IDMDataFlow/Pods-IDMDataFlow.debug.xcconfig"; sourceTree = "<group>"; };
		87791389F8218DC601F6C618 /* Pods_Model.framework */ = {isa = PBXFileReference; explicitFileType = wrapper.framework; includeInIndex = 0; path = Pods_Model.framework; sourceTree = BUILT_PRODUCTS_DIR; };
		893B3EC1DEAEE8459C21D92D /* Pods-Model.debug.xcconfig */ = {isa = PBXFileReference; includeInIndex = 1; lastKnownFileType = text.xcconfig; name = "Pods-Model.debug.xcconfig"; path = "Pods/Target Support Files/Pods-Model/Pods-Model.debug.xcconfig"; sourceTree = "<group>"; };
		940DF8AA4D1CE4DFE43FFEEB /* Pods_ModelLayer.framework */ = {isa = PBXFileReference; explicitFileType = wrapper.framework; includeInIndex = 0; path = Pods_ModelLayer.framework; sourceTree = BUILT_PRODUCTS_DIR; };
		9F99D51E1D65A3600072EDBE /* IDMDataFlow.app */ = {isa = PBXFileReference; explicitFileType = wrapper.application; includeInIndex = 0; path = IDMDataFlow.app; sourceTree = BUILT_PRODUCTS_DIR; };
		9F99D5211D65A3600072EDBE /* AppDelegate.swift */ = {isa = PBXFileReference; lastKnownFileType = sourcecode.swift; path = AppDelegate.swift; sourceTree = "<group>"; };
		9F99D5261D65A3600072EDBE /* Base */ = {isa = PBXFileReference; lastKnownFileType = file.storyboard; name = Base; path = Base.lproj/Main.storyboard; sourceTree = "<group>"; };
		9F99D5281D65A3600072EDBE /* Assets.xcassets */ = {isa = PBXFileReference; lastKnownFileType = folder.assetcatalog; path = Assets.xcassets; sourceTree = "<group>"; };
		9F99D52B1D65A3600072EDBE /* Base */ = {isa = PBXFileReference; lastKnownFileType = file.storyboard; name = Base; path = Base.lproj/LaunchScreen.storyboard; sourceTree = "<group>"; };
		9F99D52D1D65A3600072EDBE /* Info.plist */ = {isa = PBXFileReference; lastKnownFileType = text.plist.xml; path = Info.plist; sourceTree = "<group>"; };
		9F99D56F1D65A5610072EDBE /* UsersViewController.swift */ = {isa = PBXFileReference; fileEncoding = 4; lastKnownFileType = sourcecode.swift; path = UsersViewController.swift; sourceTree = "<group>"; };
		9F99D5721D65A57B0072EDBE /* Extensions.swift */ = {isa = PBXFileReference; fileEncoding = 4; lastKnownFileType = sourcecode.swift; path = Extensions.swift; sourceTree = "<group>"; };
		A2C4E343E9B54696CD9D407E /* Pods-Model.release.xcconfig */ = {isa = PBXFileReference; includeInIndex = 1; lastKnownFileType = text.xcconfig; name = "Pods-Model.release.xcconfig"; path = "Pods/Target Support Files/Pods-Model/Pods-Model.release.xcconfig"; sourceTree = "<group>"; };
		A3AC0B89EB26201677617F02 /* Pods-IntegrationLayer.release.xcconfig */ = {isa = PBXFileReference; includeInIndex = 1; lastKnownFileType = text.xcconfig; name = "Pods-IntegrationLayer.release.xcconfig"; path = "Pods/Target Support Files/Pods-IntegrationLayer/Pods-IntegrationLayer.release.xcconfig"; sourceTree = "<group>"; };
		AF42510AF1C9650666CAC0B7 /* Pods_DataProvider.framework */ = {isa = PBXFileReference; explicitFileType = wrapper.framework; includeInIndex = 0; path = Pods_DataProvider.framework; sourceTree = BUILT_PRODUCTS_DIR; };
		BDD2F0754077C3EE2825AF06 /* Pods-DataLayer.release.xcconfig */ = {isa = PBXFileReference; includeInIndex = 1; lastKnownFileType = text.xcconfig; name = "Pods-DataLayer.release.xcconfig"; path = "Pods/Target Support Files/Pods-DataLayer/Pods-DataLayer.release.xcconfig"; sourceTree = "<group>"; };
		C3E9416EE468EB1068056ED6 /* Pods-IDMDataFlow.release.xcconfig */ = {isa = PBXFileReference; includeInIndex = 1; lastKnownFileType = text.xcconfig; name = "Pods-IDMDataFlow.release.xcconfig"; path = "Pods/Target Support Files/Pods-IDMDataFlow/Pods-IDMDataFlow.release.xcconfig"; sourceTree = "<group>"; };
		C86BEC57EE6A1C4FFF23978E /* Pods-DataProvider.debug.xcconfig */ = {isa = PBXFileReference; includeInIndex = 1; lastKnownFileType = text.xcconfig; name = "Pods-DataProvider.debug.xcconfig"; path = "Pods/Target Support Files/Pods-DataProvider/Pods-DataProvider.debug.xcconfig"; sourceTree = "<group>"; };
		D23504879D637BDC5714A9DF /* Pods-DataLayer.debug.xcconfig */ = {isa = PBXFileReference; includeInIndex = 1; lastKnownFileType = text.xcconfig; name = "Pods-DataLayer.debug.xcconfig"; path = "Pods/Target Support Files/Pods-DataLayer/Pods-DataLayer.debug.xcconfig"; sourceTree = "<group>"; };
		D5E01985541B1D33608131E9 /* Pods-DataProvider.release.xcconfig */ = {isa = PBXFileReference; includeInIndex = 1; lastKnownFileType = text.xcconfig; name = "Pods-DataProvider.release.xcconfig"; path = "Pods/Target Support Files/Pods-DataProvider/Pods-DataProvider.release.xcconfig"; sourceTree = "<group>"; };
		FAEDBB8B4C650D0B65A8E82B /* Pods_IntegrationLayer.framework */ = {isa = PBXFileReference; explicitFileType = wrapper.framework; includeInIndex = 0; path = Pods_IntegrationLayer.framework; sourceTree = BUILT_PRODUCTS_DIR; };
		FC3CE25EBCF273AD727202D8 /* Pods-IntegrationLayer.debug.xcconfig */ = {isa = PBXFileReference; includeInIndex = 1; lastKnownFileType = text.xcconfig; name = "Pods-IntegrationLayer.debug.xcconfig"; path = "Pods/Target Support Files/Pods-IntegrationLayer/Pods-IntegrationLayer.debug.xcconfig"; sourceTree = "<group>"; };
/* End PBXFileReference section */

/* Begin PBXFrameworksBuildPhase section */
		9F99D51B1D65A3600072EDBE /* Frameworks */ = {
			isa = PBXFrameworksBuildPhase;
			buildActionMask = 2147483647;
			files = (
				A21EAD1AAF45F95012D61D02 /* Pods_IDMDataFlow.framework in Frameworks */,
			);
			runOnlyForDeploymentPostprocessing = 0;
		};
/* End PBXFrameworksBuildPhase section */

/* Begin PBXGroup section */
		20E460A81D9019F000065D82 /* Model */ = {
			isa = PBXGroup;
			children = (
				20E460A91D9019F500065D82 /* User.swift */,
			);
			path = Model;
			sourceTree = "<group>";
		};
		9F99D5151D65A3600072EDBE = {
			isa = PBXGroup;
			children = (
				9F99D5201D65A3600072EDBE /* IDMDataFlow */,
				9F99D51F1D65A3600072EDBE /* Products */,
				B896D780AFA4C3BAF44190BE /* Pods */,
				F3E761AB79483DD0DF99CCB2 /* Frameworks */,
			);
			sourceTree = "<group>";
		};
		9F99D51F1D65A3600072EDBE /* Products */ = {
			isa = PBXGroup;
			children = (
				9F99D51E1D65A3600072EDBE /* IDMDataFlow.app */,
			);
			name = Products;
			sourceTree = "<group>";
		};
		9F99D5201D65A3600072EDBE /* IDMDataFlow */ = {
			isa = PBXGroup;
			children = (
				20E460A81D9019F000065D82 /* Model */,
				9F99D56C1D65A5610072EDBE /* Helpers */,
				9F99D56D1D65A5610072EDBE /* DataProviders */,
				9F99D56E1D65A5610072EDBE /* ViewControllers */,
				9F99D5211D65A3600072EDBE /* AppDelegate.swift */,
				9F99D5251D65A3600072EDBE /* Main.storyboard */,
				9F99D5281D65A3600072EDBE /* Assets.xcassets */,
				9F99D52A1D65A3600072EDBE /* LaunchScreen.storyboard */,
				9F99D52D1D65A3600072EDBE /* Info.plist */,
			);
			path = IDMDataFlow;
			sourceTree = "<group>";
		};
		9F99D56C1D65A5610072EDBE /* Helpers */ = {
			isa = PBXGroup;
			children = (
				9F99D5711D65A5720072EDBE /* Extensions */,
			);
			path = Helpers;
			sourceTree = "<group>";
		};
		9F99D56D1D65A5610072EDBE /* DataProviders */ = {
			isa = PBXGroup;
			children = (
				20E460A61D9019E100065D82 /* UserDataProvider.swift */,
			);
			name = DataProviders;
			path = Providers;
			sourceTree = "<group>";
		};
		9F99D56E1D65A5610072EDBE /* ViewControllers */ = {
			isa = PBXGroup;
			children = (
				20E460AB1D9021C400065D82 /* UsersAdapter.swift */,
				9F99D56F1D65A5610072EDBE /* UsersViewController.swift */,
			);
			path = ViewControllers;
			sourceTree = "<group>";
		};
		9F99D5711D65A5720072EDBE /* Extensions */ = {
			isa = PBXGroup;
			children = (
				9F99D5721D65A57B0072EDBE /* Extensions.swift */,
			);
			path = Extensions;
			sourceTree = "<group>";
		};
		B896D780AFA4C3BAF44190BE /* Pods */ = {
			isa = PBXGroup;
			children = (
				D23504879D637BDC5714A9DF /* Pods-DataLayer.debug.xcconfig */,
				BDD2F0754077C3EE2825AF06 /* Pods-DataLayer.release.xcconfig */,
				78E33A034465DE4F2C80C951 /* Pods-IDMDataFlow.debug.xcconfig */,
				C3E9416EE468EB1068056ED6 /* Pods-IDMDataFlow.release.xcconfig */,
				FC3CE25EBCF273AD727202D8 /* Pods-IntegrationLayer.debug.xcconfig */,
				A3AC0B89EB26201677617F02 /* Pods-IntegrationLayer.release.xcconfig */,
				34E9DCEFD2C9CC2EE5975043 /* Pods-ModelLayer.debug.xcconfig */,
				0BBAE0939473EA048FFD6695 /* Pods-ModelLayer.release.xcconfig */,
				C86BEC57EE6A1C4FFF23978E /* Pods-DataProvider.debug.xcconfig */,
				D5E01985541B1D33608131E9 /* Pods-DataProvider.release.xcconfig */,
				893B3EC1DEAEE8459C21D92D /* Pods-Model.debug.xcconfig */,
				A2C4E343E9B54696CD9D407E /* Pods-Model.release.xcconfig */,
			);
			name = Pods;
			sourceTree = "<group>";
		};
		F3E761AB79483DD0DF99CCB2 /* Frameworks */ = {
			isa = PBXGroup;
			children = (
				490C7F74893C7E22C9CA2BF4 /* Pods_DataLayer.framework */,
				27710189D98BA1B36D82EE55 /* Pods_IDMDataFlow.framework */,
				FAEDBB8B4C650D0B65A8E82B /* Pods_IntegrationLayer.framework */,
				940DF8AA4D1CE4DFE43FFEEB /* Pods_ModelLayer.framework */,
				AF42510AF1C9650666CAC0B7 /* Pods_DataProvider.framework */,
				87791389F8218DC601F6C618 /* Pods_Model.framework */,
			);
			name = Frameworks;
			sourceTree = "<group>";
		};
/* End PBXGroup section */

/* Begin PBXNativeTarget section */
		9F99D51D1D65A3600072EDBE /* IDMDataFlow */ = {
			isa = PBXNativeTarget;
			buildConfigurationList = 9F99D5301D65A3600072EDBE /* Build configuration list for PBXNativeTarget "IDMDataFlow" */;
			buildPhases = (
				F22FCB40D9DE552482FD248F /* [CP] Check Pods Manifest.lock */,
				9F99D51A1D65A3600072EDBE /* Sources */,
				9F99D51B1D65A3600072EDBE /* Frameworks */,
				9F99D51C1D65A3600072EDBE /* Resources */,
				9F99D5441D65A3A80072EDBE /* Embed Frameworks */,
				AE2066494DD8D50C08E19202 /* [CP] Embed Pods Frameworks */,
				0A85E51033CF61539F164DAF /* [CP] Copy Pods Resources */,
			);
			buildRules = (
			);
			dependencies = (
			);
			name = IDMDataFlow;
			productName = IDMDataFlow;
			productReference = 9F99D51E1D65A3600072EDBE /* IDMDataFlow.app */;
			productType = "com.apple.product-type.application";
		};
/* End PBXNativeTarget section */

/* Begin PBXProject section */
		9F99D5161D65A3600072EDBE /* Project object */ = {
			isa = PBXProject;
			attributes = {
				LastSwiftUpdateCheck = 0730;
				LastUpgradeCheck = 0800;
				ORGANIZATIONNAME = "NGUYEN CHI CONG";
				TargetAttributes = {
					9F99D51D1D65A3600072EDBE = {
						CreatedOnToolsVersion = 7.3.1;
						LastSwiftMigration = 0800;
					};
				};
			};
			buildConfigurationList = 9F99D5191D65A3600072EDBE /* Build configuration list for PBXProject "IDMDataFlow" */;
			compatibilityVersion = "Xcode 3.2";
			developmentRegion = English;
			hasScannedForEncodings = 0;
			knownRegions = (
				en,
				Base,
			);
			mainGroup = 9F99D5151D65A3600072EDBE;
			productRefGroup = 9F99D51F1D65A3600072EDBE /* Products */;
			projectDirPath = "";
			projectRoot = "";
			targets = (
				9F99D51D1D65A3600072EDBE /* IDMDataFlow */,
			);
		};
/* End PBXProject section */

/* Begin PBXResourcesBuildPhase section */
		9F99D51C1D65A3600072EDBE /* Resources */ = {
			isa = PBXResourcesBuildPhase;
			buildActionMask = 2147483647;
			files = (
				9F99D52C1D65A3600072EDBE /* LaunchScreen.storyboard in Resources */,
				9F99D5291D65A3600072EDBE /* Assets.xcassets in Resources */,
				9F99D5271D65A3600072EDBE /* Main.storyboard in Resources */,
			);
			runOnlyForDeploymentPostprocessing = 0;
		};
/* End PBXResourcesBuildPhase section */

/* Begin PBXShellScriptBuildPhase section */
		0A85E51033CF61539F164DAF /* [CP] Copy Pods Resources */ = {
			isa = PBXShellScriptBuildPhase;
			buildActionMask = 2147483647;
			files = (
			);
			inputPaths = (
			);
			name = "[CP] Copy Pods Resources";
			outputPaths = (
			);
			runOnlyForDeploymentPostprocessing = 0;
			shellPath = /bin/sh;
			shellScript = "\"${SRCROOT}/Pods/Target Support Files/Pods-IDMDataFlow/Pods-IDMDataFlow-resources.sh\"\n";
			showEnvVarsInLog = 0;
		};
		AE2066494DD8D50C08E19202 /* [CP] Embed Pods Frameworks */ = {
			isa = PBXShellScriptBuildPhase;
			buildActionMask = 2147483647;
			files = (
			);
			inputPaths = (
			);
			name = "[CP] Embed Pods Frameworks";
			outputPaths = (
			);
			runOnlyForDeploymentPostprocessing = 0;
			shellPath = /bin/sh;
			shellScript = "\"${SRCROOT}/Pods/Target Support Files/Pods-IDMDataFlow/Pods-IDMDataFlow-frameworks.sh\"\n";
			showEnvVarsInLog = 0;
		};
		F22FCB40D9DE552482FD248F /* [CP] Check Pods Manifest.lock */ = {
			isa = PBXShellScriptBuildPhase;
			buildActionMask = 2147483647;
			files = (
			);
			inputPaths = (
			);
			name = "[CP] Check Pods Manifest.lock";
			outputPaths = (
			);
			runOnlyForDeploymentPostprocessing = 0;
			shellPath = /bin/sh;
			shellScript = "diff \"${PODS_ROOT}/../Podfile.lock\" \"${PODS_ROOT}/Manifest.lock\" > /dev/null\nif [ $? != 0 ] ; then\n    # print error to STDERR\n    echo \"error: The sandbox is not in sync with the Podfile.lock. Run 'pod install' or update your CocoaPods installation.\" >&2\n    exit 1\nfi\n";
			showEnvVarsInLog = 0;
		};
/* End PBXShellScriptBuildPhase section */

/* Begin PBXSourcesBuildPhase section */
		9F99D51A1D65A3600072EDBE /* Sources */ = {
			isa = PBXSourcesBuildPhase;
			buildActionMask = 2147483647;
			files = (
				20E460AC1D9021C400065D82 /* UsersAdapter.swift in Sources */,
				20E460A71D9019E100065D82 /* UserDataProvider.swift in Sources */,
				9F99D5701D65A5610072EDBE /* UsersViewController.swift in Sources */,
				9F99D5731D65A57B0072EDBE /* Extensions.swift in Sources */,
				9F99D5221D65A3600072EDBE /* AppDelegate.swift in Sources */,
				20E460AA1D9019F500065D82 /* User.swift in Sources */,
			);
			runOnlyForDeploymentPostprocessing = 0;
		};
/* End PBXSourcesBuildPhase section */

/* Begin PBXVariantGroup section */
		9F99D5251D65A3600072EDBE /* Main.storyboard */ = {
			isa = PBXVariantGroup;
			children = (
				9F99D5261D65A3600072EDBE /* Base */,
			);
			name = Main.storyboard;
			sourceTree = "<group>";
		};
		9F99D52A1D65A3600072EDBE /* LaunchScreen.storyboard */ = {
			isa = PBXVariantGroup;
			children = (
				9F99D52B1D65A3600072EDBE /* Base */,
			);
			name = LaunchScreen.storyboard;
			sourceTree = "<group>";
		};
/* End PBXVariantGroup section */

/* Begin XCBuildConfiguration section */
		9F99D52E1D65A3600072EDBE /* Debug */ = {
			isa = XCBuildConfiguration;
			buildSettings = {
				ALWAYS_SEARCH_USER_PATHS = NO;
				CLANG_ANALYZER_NONNULL = YES;
				CLANG_CXX_LANGUAGE_STANDARD = "gnu++0x";
				CLANG_CXX_LIBRARY = "libc++";
				CLANG_ENABLE_MODULES = YES;
				CLANG_ENABLE_OBJC_ARC = YES;
				CLANG_WARN_BOOL_CONVERSION = YES;
				CLANG_WARN_CONSTANT_CONVERSION = YES;
				CLANG_WARN_DIRECT_OBJC_ISA_USAGE = YES_ERROR;
				CLANG_WARN_EMPTY_BODY = YES;
				CLANG_WARN_ENUM_CONVERSION = YES;
				CLANG_WARN_INFINITE_RECURSION = YES;
				CLANG_WARN_INT_CONVERSION = YES;
				CLANG_WARN_OBJC_ROOT_CLASS = YES_ERROR;
				CLANG_WARN_SUSPICIOUS_MOVE = YES;
				CLANG_WARN_UNREACHABLE_CODE = YES;
				CLANG_WARN__DUPLICATE_METHOD_MATCH = YES;
				"CODE_SIGN_IDENTITY[sdk=iphoneos*]" = "iPhone Developer";
				COPY_PHASE_STRIP = NO;
				DEBUG_INFORMATION_FORMAT = dwarf;
				ENABLE_STRICT_OBJC_MSGSEND = YES;
				ENABLE_TESTABILITY = YES;
				GCC_C_LANGUAGE_STANDARD = gnu99;
				GCC_DYNAMIC_NO_PIC = NO;
				GCC_NO_COMMON_BLOCKS = YES;
				GCC_OPTIMIZATION_LEVEL = 0;
				GCC_PREPROCESSOR_DEFINITIONS = (
					"DEBUG=1",
					"$(inherited)",
				);
				GCC_WARN_64_TO_32_BIT_CONVERSION = YES;
				GCC_WARN_ABOUT_RETURN_TYPE = YES_ERROR;
				GCC_WARN_UNDECLARED_SELECTOR = YES;
				GCC_WARN_UNINITIALIZED_AUTOS = YES_AGGRESSIVE;
				GCC_WARN_UNUSED_FUNCTION = YES;
				GCC_WARN_UNUSED_VARIABLE = YES;
				IPHONEOS_DEPLOYMENT_TARGET = 9.3;
				MTL_ENABLE_DEBUG_INFO = YES;
				ONLY_ACTIVE_ARCH = YES;
				SDKROOT = iphoneos;
				SWIFT_OPTIMIZATION_LEVEL = "-Onone";
				TARGETED_DEVICE_FAMILY = "1,2";
			};
			name = Debug;
		};
		9F99D52F1D65A3600072EDBE /* Release */ = {
			isa = XCBuildConfiguration;
			buildSettings = {
				ALWAYS_SEARCH_USER_PATHS = NO;
				CLANG_ANALYZER_NONNULL = YES;
				CLANG_CXX_LANGUAGE_STANDARD = "gnu++0x";
				CLANG_CXX_LIBRARY = "libc++";
				CLANG_ENABLE_MODULES = YES;
				CLANG_ENABLE_OBJC_ARC = YES;
				CLANG_WARN_BOOL_CONVERSION = YES;
				CLANG_WARN_CONSTANT_CONVERSION = YES;
				CLANG_WARN_DIRECT_OBJC_ISA_USAGE = YES_ERROR;
				CLANG_WARN_EMPTY_BODY = YES;
				CLANG_WARN_ENUM_CONVERSION = YES;
				CLANG_WARN_INFINITE_RECURSION = YES;
				CLANG_WARN_INT_CONVERSION = YES;
				CLANG_WARN_OBJC_ROOT_CLASS = YES_ERROR;
				CLANG_WARN_SUSPICIOUS_MOVE = YES;
				CLANG_WARN_UNREACHABLE_CODE = YES;
				CLANG_WARN__DUPLICATE_METHOD_MATCH = YES;
				"CODE_SIGN_IDENTITY[sdk=iphoneos*]" = "iPhone Developer";
				COPY_PHASE_STRIP = NO;
				DEBUG_INFORMATION_FORMAT = "dwarf-with-dsym";
				ENABLE_NS_ASSERTIONS = NO;
				ENABLE_STRICT_OBJC_MSGSEND = YES;
				GCC_C_LANGUAGE_STANDARD = gnu99;
				GCC_NO_COMMON_BLOCKS = YES;
				GCC_WARN_64_TO_32_BIT_CONVERSION = YES;
				GCC_WARN_ABOUT_RETURN_TYPE = YES_ERROR;
				GCC_WARN_UNDECLARED_SELECTOR = YES;
				GCC_WARN_UNINITIALIZED_AUTOS = YES_AGGRESSIVE;
				GCC_WARN_UNUSED_FUNCTION = YES;
				GCC_WARN_UNUSED_VARIABLE = YES;
				IPHONEOS_DEPLOYMENT_TARGET = 9.3;
				MTL_ENABLE_DEBUG_INFO = NO;
				SDKROOT = iphoneos;
				SWIFT_OPTIMIZATION_LEVEL = "-Owholemodule";
				TARGETED_DEVICE_FAMILY = "1,2";
				VALIDATE_PRODUCT = YES;
			};
			name = Release;
		};
		9F99D5311D65A3600072EDBE /* Debug */ = {
			isa = XCBuildConfiguration;
			baseConfigurationReference = 78E33A034465DE4F2C80C951 /* Pods-IDMDataFlow.debug.xcconfig */;
			buildSettings = {
				ALWAYS_EMBED_SWIFT_STANDARD_LIBRARIES = YES;
				ASSETCATALOG_COMPILER_APPICON_NAME = AppIcon;
				INFOPLIST_FILE = IDMDataFlow/Info.plist;
				IPHONEOS_DEPLOYMENT_TARGET = 9.0;
				LD_RUNPATH_SEARCH_PATHS = "$(inherited) @executable_path/Frameworks";
				PRODUCT_BUNDLE_IDENTIFIER = com.sifvn.ios.IDMDataFlow;
				PRODUCT_NAME = "$(TARGET_NAME)";
				SWIFT_VERSION = 3.0;
			};
			name = Debug;
		};
		9F99D5321D65A3600072EDBE /* Release */ = {
			isa = XCBuildConfiguration;
			baseConfigurationReference = C3E9416EE468EB1068056ED6 /* Pods-IDMDataFlow.release.xcconfig */;
			buildSettings = {
				ALWAYS_EMBED_SWIFT_STANDARD_LIBRARIES = YES;
				ASSETCATALOG_COMPILER_APPICON_NAME = AppIcon;
				INFOPLIST_FILE = IDMDataFlow/Info.plist;
				IPHONEOS_DEPLOYMENT_TARGET = 9.0;
				LD_RUNPATH_SEARCH_PATHS = "$(inherited) @executable_path/Frameworks";
				PRODUCT_BUNDLE_IDENTIFIER = com.sifvn.ios.IDMDataFlow;
				PRODUCT_NAME = "$(TARGET_NAME)";
				SWIFT_VERSION = 3.0;
			};
			name = Release;
		};
/* End XCBuildConfiguration section */

/* Begin XCConfigurationList section */
		9F99D5191D65A3600072EDBE /* Build configuration list for PBXProject "IDMDataFlow" */ = {
			isa = XCConfigurationList;
			buildConfigurations = (
				9F99D52E1D65A3600072EDBE /* Debug */,
				9F99D52F1D65A3600072EDBE /* Release */,
			);
			defaultConfigurationIsVisible = 0;
			defaultConfigurationName = Release;
		};
		9F99D5301D65A3600072EDBE /* Build configuration list for PBXNativeTarget "IDMDataFlow" */ = {
			isa = XCConfigurationList;
			buildConfigurations = (
				9F99D5311D65A3600072EDBE /* Debug */,
				9F99D5321D65A3600072EDBE /* Release */,
			);
			defaultConfigurationIsVisible = 0;
			defaultConfigurationName = Release;
		};
/* End XCConfigurationList section */
	};
	rootObject = 9F99D5161D65A3600072EDBE /* Project object */;
}
